
Microsoft Visual Studio Solution File, Format Version 12.00
# Visual Studio Version 17
VisualStudioVersion = 17.4.33213.308
MinimumVisualStudioVersion = 10.0.40219.1
Project("{FAE04EC0-301F-11D3-BF4B-00C04F79EFBC}") = "Mc2.CrudTest.Presentation.Server", "Mc2.CrudTest.Presentation\Server\Mc2.CrudTest.Presentation.Server.csproj", "{D2AD2F7D-C1E0-4C84-A2A4-6900CED15599}"
EndProject
Project("{FAE04EC0-301F-11D3-BF4B-00C04F79EFBC}") = "Mc2.CrudTest.Presentation.Client", "Mc2.CrudTest.Presentation\Client\Mc2.CrudTest.Presentation.Client.csproj", "{817C1B83-0CAC-4345-A0BE-5CCF30B15C26}"
EndProject
Project("{FAE04EC0-301F-11D3-BF4B-00C04F79EFBC}") = "Mc2.CrudTest.Presentation.Shared", "Mc2.CrudTest.Presentation\Shared\Mc2.CrudTest.Presentation.Shared.csproj", "{D6F1EC1A-CE1D-4E6D-B61D-07033DD442BE}"
EndProject
Project("{FAE04EC0-301F-11D3-BF4B-00C04F79EFBC}") = "Mc2.CrudTest.AcceptanceTests", "Mc2.CrudTest.AcceptanceTests\Mc2.CrudTest.AcceptanceTests.csproj", "{6776DF76-1054-486C-A79A-57100C47032F}"
EndProject
Project("{2150E333-8FDC-42A3-9474-1A3956D46DE8}") = "Mc2.Application", "Mc2.Application", "{C6718FF9-54E6-4711-9662-5AFD092AC884}"
EndProject
Project("{2150E333-8FDC-42A3-9474-1A3956D46DE8}") = "Mc2.Domain", "Mc2.Domain", "{05479684-B046-40F1-A949-D3F546C65B21}"
EndProject
Project("{2150E333-8FDC-42A3-9474-1A3956D46DE8}") = "Mc2.Infrastructures", "Mc2.Infrastructures", "{A6052E2D-7210-440A-AAD7-364EEEA7BC6F}"
EndProject
Project("{2150E333-8FDC-42A3-9474-1A3956D46DE8}") = "Mc2.Tests", "Mc2.Tests", "{8BE1C882-E3B2-490D-99B7-B5D6A9975C78}"
EndProject
Project("{FAE04EC0-301F-11D3-BF4B-00C04F79EFBC}") = "Mc2.Domain.Tests", "Mc2.Domain.Tests\Mc2.Domain.Tests.csproj", "{0E94A59D-E1A7-4257-A052-774C6ADA72F1}"
EndProject
Project("{FAE04EC0-301F-11D3-BF4B-00C04F79EFBC}") = "Mc2.Application.Contracts", "Mc2.Application.Contracts\Mc2.Application.Contracts.csproj", "{F1AB5D16-3E49-4CCC-8268-D9389687DC0E}"
EndProject
Project("{FAE04EC0-301F-11D3-BF4B-00C04F79EFBC}") = "Mc2.Application", "Mc2.Application\Mc2.Application.csproj", "{6BD42597-285E-49B5-994E-275FEC700E99}"
EndProject
Project("{FAE04EC0-301F-11D3-BF4B-00C04F79EFBC}") = "Mc2.Domain", "Mc2.Domain\Mc2.Domain\Mc2.Domain.csproj", "{FFE77256-6038-4559-B5D9-53B8D5A04DC9}"
EndProject
Project("{FAE04EC0-301F-11D3-BF4B-00C04F79EFBC}") = "Mc2.Domain.Contracts", "Mc2.Domain\Mc2.Domain.Contracts\Mc2.Domain.Contracts.csproj", "{09A1F688-D7FD-4F35-9C23-B8154A14F134}"
EndProject
Project("{FAE04EC0-301F-11D3-BF4B-00C04F79EFBC}") = "Mc2.Query", "Mc2.Query\Mc2.Query.csproj", "{39E75B34-86A6-4568-ABA4-5EEDAD93A244}"
EndProject
Project("{FAE04EC0-301F-11D3-BF4B-00C04F79EFBC}") = "Mc2.Query.Contracts", "Mc2.Query.Contracts\Mc2.Query.Contracts.csproj", "{B21B7749-F29B-4083-95F1-1A6BBD9E25EC}"
EndProject
Project("{FAE04EC0-301F-11D3-BF4B-00C04F79EFBC}") = "Mc2.DBProjection", "Mc2.DBProjection\Mc2.DBProjection.csproj", "{CEA68782-F26A-4D4A-8920-0BF8A793AE15}"
EndProject
Global
	GlobalSection(SolutionConfigurationPlatforms) = preSolution
		Debug|Any CPU = Debug|Any CPU
		Release|Any CPU = Release|Any CPU
	EndGlobalSection
	GlobalSection(ProjectConfigurationPlatforms) = postSolution
		{D2AD2F7D-C1E0-4C84-A2A4-6900CED15599}.Debug|Any CPU.ActiveCfg = Debug|Any CPU
		{D2AD2F7D-C1E0-4C84-A2A4-6900CED15599}.Debug|Any CPU.Build.0 = Debug|Any CPU
		{D2AD2F7D-C1E0-4C84-A2A4-6900CED15599}.Release|Any CPU.ActiveCfg = Release|Any CPU
		{D2AD2F7D-C1E0-4C84-A2A4-6900CED15599}.Release|Any CPU.Build.0 = Release|Any CPU
		{817C1B83-0CAC-4345-A0BE-5CCF30B15C26}.Debug|Any CPU.ActiveCfg = Debug|Any CPU
		{817C1B83-0CAC-4345-A0BE-5CCF30B15C26}.Debug|Any CPU.Build.0 = Debug|Any CPU
		{817C1B83-0CAC-4345-A0BE-5CCF30B15C26}.Release|Any CPU.ActiveCfg = Release|Any CPU
		{817C1B83-0CAC-4345-A0BE-5CCF30B15C26}.Release|Any CPU.Build.0 = Release|Any CPU
		{D6F1EC1A-CE1D-4E6D-B61D-07033DD442BE}.Debug|Any CPU.ActiveCfg = Debug|Any CPU
		{D6F1EC1A-CE1D-4E6D-B61D-07033DD442BE}.Debug|Any CPU.Build.0 = Debug|Any CPU
		{D6F1EC1A-CE1D-4E6D-B61D-07033DD442BE}.Release|Any CPU.ActiveCfg = Release|Any CPU
		{D6F1EC1A-CE1D-4E6D-B61D-07033DD442BE}.Release|Any CPU.Build.0 = Release|Any CPU
		{6776DF76-1054-486C-A79A-57100C47032F}.Debug|Any CPU.ActiveCfg = Debug|Any CPU
		{6776DF76-1054-486C-A79A-57100C47032F}.Debug|Any CPU.Build.0 = Debug|Any CPU
		{6776DF76-1054-486C-A79A-57100C47032F}.Release|Any CPU.ActiveCfg = Release|Any CPU
		{6776DF76-1054-486C-A79A-57100C47032F}.Release|Any CPU.Build.0 = Release|Any CPU
		{0E94A59D-E1A7-4257-A052-774C6ADA72F1}.Debug|Any CPU.ActiveCfg = Debug|Any CPU
		{0E94A59D-E1A7-4257-A052-774C6ADA72F1}.Debug|Any CPU.Build.0 = Debug|Any CPU
		{0E94A59D-E1A7-4257-A052-774C6ADA72F1}.Release|Any CPU.ActiveCfg = Release|Any CPU
		{0E94A59D-E1A7-4257-A052-774C6ADA72F1}.Release|Any CPU.Build.0 = Release|Any CPU
		{F1AB5D16-3E49-4CCC-8268-D9389687DC0E}.Debug|Any CPU.ActiveCfg = Debug|Any CPU
		{F1AB5D16-3E49-4CCC-8268-D9389687DC0E}.Debug|Any CPU.Build.0 = Debug|Any CPU
		{F1AB5D16-3E49-4CCC-8268-D9389687DC0E}.Release|Any CPU.ActiveCfg = Release|Any CPU
		{F1AB5D16-3E49-4CCC-8268-D9389687DC0E}.Release|Any CPU.Build.0 = Release|Any CPU
		{6BD42597-285E-49B5-994E-275FEC700E99}.Debug|Any CPU.ActiveCfg = Debug|Any CPU
		{6BD42597-285E-49B5-994E-275FEC700E99}.Debug|Any CPU.Build.0 = Debug|Any CPU
		{6BD42597-285E-49B5-994E-275FEC700E99}.Release|Any CPU.ActiveCfg = Release|Any CPU
		{6BD42597-285E-49B5-994E-275FEC700E99}.Release|Any CPU.Build.0 = Release|Any CPU
		{FFE77256-6038-4559-B5D9-53B8D5A04DC9}.Debug|Any CPU.ActiveCfg = Debug|Any CPU
		{FFE77256-6038-4559-B5D9-53B8D5A04DC9}.Debug|Any CPU.Build.0 = Debug|Any CPU
		{FFE77256-6038-4559-B5D9-53B8D5A04DC9}.Release|Any CPU.ActiveCfg = Release|Any CPU
		{FFE77256-6038-4559-B5D9-53B8D5A04DC9}.Release|Any CPU.Build.0 = Release|Any CPU
		{09A1F688-D7FD-4F35-9C23-B8154A14F134}.Debug|Any CPU.ActiveCfg = Debug|Any CPU
		{09A1F688-D7FD-4F35-9C23-B8154A14F134}.Debug|Any CPU.Build.0 = Debug|Any CPU
		{09A1F688-D7FD-4F35-9C23-B8154A14F134}.Release|Any CPU.ActiveCfg = Release|Any CPU
		{09A1F688-D7FD-4F35-9C23-B8154A14F134}.Release|Any CPU.Build.0 = Release|Any CPU
		{39E75B34-86A6-4568-ABA4-5EEDAD93A244}.Debug|Any CPU.ActiveCfg = Debug|Any CPU
		{39E75B34-86A6-4568-ABA4-5EEDAD93A244}.Debug|Any CPU.Build.0 = Debug|Any CPU
		{39E75B34-86A6-4568-ABA4-5EEDAD93A244}.Release|Any CPU.ActiveCfg = Release|Any CPU
		{39E75B34-86A6-4568-ABA4-5EEDAD93A244}.Release|Any CPU.Build.0 = Release|Any CPU
		{B21B7749-F29B-4083-95F1-1A6BBD9E25EC}.Debug|Any CPU.ActiveCfg = Debug|Any CPU
		{B21B7749-F29B-4083-95F1-1A6BBD9E25EC}.Debug|Any CPU.Build.0 = Debug|Any CPU
		{B21B7749-F29B-4083-95F1-1A6BBD9E25EC}.Release|Any CPU.ActiveCfg = Release|Any CPU
		{B21B7749-F29B-4083-95F1-1A6BBD9E25EC}.Release|Any CPU.Build.0 = Release|Any CPU
		{CEA68782-F26A-4D4A-8920-0BF8A793AE15}.Debug|Any CPU.ActiveCfg = Debug|Any CPU
		{CEA68782-F26A-4D4A-8920-0BF8A793AE15}.Debug|Any CPU.Build.0 = Debug|Any CPU
		{CEA68782-F26A-4D4A-8920-0BF8A793AE15}.Release|Any CPU.ActiveCfg = Release|Any CPU
		{CEA68782-F26A-4D4A-8920-0BF8A793AE15}.Release|Any CPU.Build.0 = Release|Any CPU
	EndGlobalSection
	GlobalSection(SolutionProperties) = preSolution
		HideSolutionNode = FALSE
	EndGlobalSection
	GlobalSection(ExtensibilityGlobals) = postSolution
		SolutionGuid = {4B5A26C9-68C1-49D9-9F32-AF907A1730C2}
	EndGlobalSection
	GlobalSection(NestedProjects) = preSolution
		{0E94A59D-E1A7-4257-A052-774C6ADA72F1} = {8BE1C882-E3B2-490D-99B7-B5D6A9975C78}
		{F1AB5D16-3E49-4CCC-8268-D9389687DC0E} = {C6718FF9-54E6-4711-9662-5AFD092AC884}
		{6BD42597-285E-49B5-994E-275FEC700E99} = {C6718FF9-54E6-4711-9662-5AFD092AC884}
		{FFE77256-6038-4559-B5D9-53B8D5A04DC9} = {05479684-B046-40F1-A949-D3F546C65B21}
		{09A1F688-D7FD-4F35-9C23-B8154A14F134} = {05479684-B046-40F1-A949-D3F546C65B21}
		{39E75B34-86A6-4568-ABA4-5EEDAD93A244} = {A6052E2D-7210-440A-AAD7-364EEEA7BC6F}
		{B21B7749-F29B-4083-95F1-1A6BBD9E25EC} = {A6052E2D-7210-440A-AAD7-364EEEA7BC6F}
		{CEA68782-F26A-4D4A-8920-0BF8A793AE15} = {A6052E2D-7210-440A-AAD7-364EEEA7BC6F}
	EndGlobalSection
EndGlobal
